// !$*UTF8*$!
{
	archiveVersion = 1;
	classes = {
	};
	objectVersion = 46;
	objects = {

/* Begin PBXBuildFile section */
		9C06D1A71B0008E800160A7E /* CalcEngine.swift in Sources */ = {isa = PBXBuildFile; fileRef = 9C06D1A61B0008E800160A7E /* CalcEngine.swift */; };
		9C61DCEB1AF9B2AB005896A8 /* AppDelegate.swift in Sources */ = {isa = PBXBuildFile; fileRef = 9C61DCEA1AF9B2AB005896A8 /* AppDelegate.swift */; };
		9C61DCED1AF9B2AB005896A8 /* ViewController.swift in Sources */ = {isa = PBXBuildFile; fileRef = 9C61DCEC1AF9B2AB005896A8 /* ViewController.swift */; };
		9C61DCF01AF9B2AB005896A8 /* Main.storyboard in Resources */ = {isa = PBXBuildFile; fileRef = 9C61DCEE1AF9B2AB005896A8 /* Main.storyboard */; };
		9C61DCF21AF9B2AB005896A8 /* Images.xcassets in Resources */ = {isa = PBXBuildFile; fileRef = 9C61DCF11AF9B2AB005896A8 /* Images.xcassets */; };
		9C61DCF51AF9B2AB005896A8 /* LaunchScreen.xib in Resources */ = {isa = PBXBuildFile; fileRef = 9C61DCF31AF9B2AB005896A8 /* LaunchScreen.xib */; };
		9C61DD011AF9B2AB005896A8 /* WatchcalcTests.swift in Sources */ = {isa = PBXBuildFile; fileRef = 9C61DD001AF9B2AB005896A8 /* WatchcalcTests.swift */; };
		9C61DD141AF9B2BD005896A8 /* InterfaceController.swift in Sources */ = {isa = PBXBuildFile; fileRef = 9C61DD131AF9B2BD005896A8 /* InterfaceController.swift */; };
		9C61DD161AF9B2BD005896A8 /* NotificationController.swift in Sources */ = {isa = PBXBuildFile; fileRef = 9C61DD151AF9B2BD005896A8 /* NotificationController.swift */; };
		9C61DD181AF9B2BD005896A8 /* Images.xcassets in Resources */ = {isa = PBXBuildFile; fileRef = 9C61DD171AF9B2BD005896A8 /* Images.xcassets */; };
		9C61DD1C1AF9B2BD005896A8 /* Watchcalc WatchKit App.app in Resources */ = {isa = PBXBuildFile; fileRef = 9C61DD1B1AF9B2BD005896A8 /* Watchcalc WatchKit App.app */; };
		9C61DD241AF9B2BD005896A8 /* Interface.storyboard in Resources */ = {isa = PBXBuildFile; fileRef = 9C61DD221AF9B2BD005896A8 /* Interface.storyboard */; };
		9C61DD261AF9B2BD005896A8 /* Images.xcassets in Resources */ = {isa = PBXBuildFile; fileRef = 9C61DD251AF9B2BD005896A8 /* Images.xcassets */; };
		9C61DD291AF9B2BD005896A8 /* Watchcalc WatchKit Extension.appex in Embed App Extensions */ = {isa = PBXBuildFile; fileRef = 9C61DD0E1AF9B2BD005896A8 /* Watchcalc WatchKit Extension.appex */; settings = {ATTRIBUTES = (RemoveHeadersOnCopy, ); }; };
		9C61DD321AF9B433005896A8 /* ButtonRow.swift in Sources */ = {isa = PBXBuildFile; fileRef = 9C61DD311AF9B433005896A8 /* ButtonRow.swift */; };
		9C61DD341AF9B43F005896A8 /* ValueRow.swift in Sources */ = {isa = PBXBuildFile; fileRef = 9C61DD331AF9B43F005896A8 /* ValueRow.swift */; };
		9C61DD361AFAE6D3005896A8 /* BasicInterface.swift in Sources */ = {isa = PBXBuildFile; fileRef = 9C61DD351AFAE6D3005896A8 /* BasicInterface.swift */; };
		9C61DD381AFAE6E5005896A8 /* ScientificInterface.swift in Sources */ = {isa = PBXBuildFile; fileRef = 9C61DD371AFAE6E5005896A8 /* ScientificInterface.swift */; };
/* End PBXBuildFile section */

/* Begin PBXContainerItemProxy section */
		9C61DCFB1AF9B2AB005896A8 /* PBXContainerItemProxy */ = {
			isa = PBXContainerItemProxy;
			containerPortal = 9C61DCDD1AF9B2AB005896A8 /* Project object */;
			proxyType = 1;
			remoteGlobalIDString = 9C61DCE41AF9B2AB005896A8;
			remoteInfo = Watchcalc;
		};
		9C61DD1D1AF9B2BD005896A8 /* PBXContainerItemProxy */ = {
			isa = PBXContainerItemProxy;
			containerPortal = 9C61DCDD1AF9B2AB005896A8 /* Project object */;
			proxyType = 1;
			remoteGlobalIDString = 9C61DD1A1AF9B2BD005896A8;
			remoteInfo = "Watchcalc WatchKit App";
		};
		9C61DD271AF9B2BD005896A8 /* PBXContainerItemProxy */ = {
			isa = PBXContainerItemProxy;
			containerPortal = 9C61DCDD1AF9B2AB005896A8 /* Project object */;
			proxyType = 1;
			remoteGlobalIDString = 9C61DD0D1AF9B2BD005896A8;
			remoteInfo = "Watchcalc WatchKit Extension";
		};
/* End PBXContainerItemProxy section */

/* Begin PBXCopyFilesBuildPhase section */
		9C61DD301AF9B2BD005896A8 /* Embed App Extensions */ = {
			isa = PBXCopyFilesBuildPhase;
			buildActionMask = 2147483647;
			dstPath = "";
			dstSubfolderSpec = 13;
			files = (
				9C61DD291AF9B2BD005896A8 /* Watchcalc WatchKit Extension.appex in Embed App Extensions */,
			);
			name = "Embed App Extensions";
			runOnlyForDeploymentPostprocessing = 0;
		};
/* End PBXCopyFilesBuildPhase section */

/* Begin PBXFileReference section */
		9C06D1A61B0008E800160A7E /* CalcEngine.swift */ = {isa = PBXFileReference; fileEncoding = 4; lastKnownFileType = sourcecode.swift; path = CalcEngine.swift; sourceTree = "<group>"; };
		9C61DCE51AF9B2AB005896A8 /* watchscicalc.app */ = {isa = PBXFileReference; explicitFileType = wrapper.application; includeInIndex = 0; path = watchscicalc.app; sourceTree = BUILT_PRODUCTS_DIR; };
		9C61DCE91AF9B2AB005896A8 /* Info.plist */ = {isa = PBXFileReference; lastKnownFileType = text.plist.xml; path = Info.plist; sourceTree = "<group>"; };
		9C61DCEA1AF9B2AB005896A8 /* AppDelegate.swift */ = {isa = PBXFileReference; lastKnownFileType = sourcecode.swift; path = AppDelegate.swift; sourceTree = "<group>"; };
		9C61DCEC1AF9B2AB005896A8 /* ViewController.swift */ = {isa = PBXFileReference; lastKnownFileType = sourcecode.swift; path = ViewController.swift; sourceTree = "<group>"; };
		9C61DCEF1AF9B2AB005896A8 /* Base */ = {isa = PBXFileReference; lastKnownFileType = file.storyboard; name = Base; path = Base.lproj/Main.storyboard; sourceTree = "<group>"; };
		9C61DCF11AF9B2AB005896A8 /* Images.xcassets */ = {isa = PBXFileReference; lastKnownFileType = folder.assetcatalog; path = Images.xcassets; sourceTree = "<group>"; };
		9C61DCF41AF9B2AB005896A8 /* Base */ = {isa = PBXFileReference; lastKnownFileType = file.xib; name = Base; path = Base.lproj/LaunchScreen.xib; sourceTree = "<group>"; };
		9C61DCFA1AF9B2AB005896A8 /* WatchcalcTests.xctest */ = {isa = PBXFileReference; explicitFileType = wrapper.cfbundle; includeInIndex = 0; path = WatchcalcTests.xctest; sourceTree = BUILT_PRODUCTS_DIR; };
		9C61DCFF1AF9B2AB005896A8 /* Info.plist */ = {isa = PBXFileReference; lastKnownFileType = text.plist.xml; path = Info.plist; sourceTree = "<group>"; };
		9C61DD001AF9B2AB005896A8 /* WatchcalcTests.swift */ = {isa = PBXFileReference; lastKnownFileType = sourcecode.swift; path = WatchcalcTests.swift; sourceTree = "<group>"; };
		9C61DD0E1AF9B2BD005896A8 /* Watchcalc WatchKit Extension.appex */ = {isa = PBXFileReference; explicitFileType = "wrapper.app-extension"; includeInIndex = 0; path = "Watchcalc WatchKit Extension.appex"; sourceTree = BUILT_PRODUCTS_DIR; };
		9C61DD111AF9B2BD005896A8 /* Info.plist */ = {isa = PBXFileReference; lastKnownFileType = text.plist.xml; path = Info.plist; sourceTree = "<group>"; };
		9C61DD121AF9B2BD005896A8 /* PushNotificationPayload.apns */ = {isa = PBXFileReference; lastKnownFileType = text; path = PushNotificationPayload.apns; sourceTree = "<group>"; };
		9C61DD131AF9B2BD005896A8 /* InterfaceController.swift */ = {isa = PBXFileReference; lastKnownFileType = sourcecode.swift; path = InterfaceController.swift; sourceTree = "<group>"; };
		9C61DD151AF9B2BD005896A8 /* NotificationController.swift */ = {isa = PBXFileReference; lastKnownFileType = sourcecode.swift; path = NotificationController.swift; sourceTree = "<group>"; };
		9C61DD171AF9B2BD005896A8 /* Images.xcassets */ = {isa = PBXFileReference; lastKnownFileType = folder.assetcatalog; path = Images.xcassets; sourceTree = "<group>"; };
		9C61DD1B1AF9B2BD005896A8 /* Watchcalc WatchKit App.app */ = {isa = PBXFileReference; explicitFileType = wrapper.application; includeInIndex = 0; path = "Watchcalc WatchKit App.app"; sourceTree = BUILT_PRODUCTS_DIR; };
		9C61DD211AF9B2BD005896A8 /* Info.plist */ = {isa = PBXFileReference; lastKnownFileType = text.plist.xml; path = Info.plist; sourceTree = "<group>"; };
		9C61DD231AF9B2BD005896A8 /* Base */ = {isa = PBXFileReference; lastKnownFileType = file.storyboard; name = Base; path = Base.lproj/Interface.storyboard; sourceTree = "<group>"; };
		9C61DD251AF9B2BD005896A8 /* Images.xcassets */ = {isa = PBXFileReference; lastKnownFileType = folder.assetcatalog; path = Images.xcassets; sourceTree = "<group>"; };
		9C61DD311AF9B433005896A8 /* ButtonRow.swift */ = {isa = PBXFileReference; fileEncoding = 4; lastKnownFileType = sourcecode.swift; path = ButtonRow.swift; sourceTree = "<group>"; };
		9C61DD331AF9B43F005896A8 /* ValueRow.swift */ = {isa = PBXFileReference; fileEncoding = 4; lastKnownFileType = sourcecode.swift; path = ValueRow.swift; sourceTree = "<group>"; };
		9C61DD351AFAE6D3005896A8 /* BasicInterface.swift */ = {isa = PBXFileReference; fileEncoding = 4; lastKnownFileType = sourcecode.swift; path = BasicInterface.swift; sourceTree = "<group>"; };
		9C61DD371AFAE6E5005896A8 /* ScientificInterface.swift */ = {isa = PBXFileReference; fileEncoding = 4; lastKnownFileType = sourcecode.swift; path = ScientificInterface.swift; sourceTree = "<group>"; };
		9CA462F91B01A25D0041429A /* watchscicalc.entitlements */ = {isa = PBXFileReference; lastKnownFileType = text.xml; path = watchscicalc.entitlements; sourceTree = "<group>"; };
		9CA462FA1B01A26F0041429A /* Watchcalc WatchKit Extension.entitlements */ = {isa = PBXFileReference; lastKnownFileType = text.xml; path = "Watchcalc WatchKit Extension.entitlements"; sourceTree = "<group>"; };
/* End PBXFileReference section */

/* Begin PBXFrameworksBuildPhase section */
		9C61DCE21AF9B2AB005896A8 /* Frameworks */ = {
			isa = PBXFrameworksBuildPhase;
			buildActionMask = 2147483647;
			files = (
			);
			runOnlyForDeploymentPostprocessing = 0;
		};
		9C61DCF71AF9B2AB005896A8 /* Frameworks */ = {
			isa = PBXFrameworksBuildPhase;
			buildActionMask = 2147483647;
			files = (
			);
			runOnlyForDeploymentPostprocessing = 0;
		};
		9C61DD0B1AF9B2BD005896A8 /* Frameworks */ = {
			isa = PBXFrameworksBuildPhase;
			buildActionMask = 2147483647;
			files = (
			);
			runOnlyForDeploymentPostprocessing = 0;
		};
/* End PBXFrameworksBuildPhase section */

/* Begin PBXGroup section */
		9C61DCDC1AF9B2AB005896A8 = {
			isa = PBXGroup;
			children = (
				9CA462F91B01A25D0041429A /* watchscicalc.entitlements */,
				9C61DCE71AF9B2AB005896A8 /* Watchcalc */,
				9C61DCFD1AF9B2AB005896A8 /* WatchcalcTests */,
				9C61DD0F1AF9B2BD005896A8 /* Watchcalc WatchKit Extension */,
				9C61DD1F1AF9B2BD005896A8 /* Watchcalc WatchKit App */,
				9C61DCE61AF9B2AB005896A8 /* Products */,
			);
			sourceTree = "<group>";
		};
		9C61DCE61AF9B2AB005896A8 /* Products */ = {
			isa = PBXGroup;
			children = (
				9C61DCE51AF9B2AB005896A8 /* watchscicalc.app */,
				9C61DCFA1AF9B2AB005896A8 /* WatchcalcTests.xctest */,
				9C61DD0E1AF9B2BD005896A8 /* Watchcalc WatchKit Extension.appex */,
				9C61DD1B1AF9B2BD005896A8 /* Watchcalc WatchKit App.app */,
			);
			name = Products;
			sourceTree = "<group>";
		};
		9C61DCE71AF9B2AB005896A8 /* Watchcalc */ = {
			isa = PBXGroup;
			children = (
				9C61DCEA1AF9B2AB005896A8 /* AppDelegate.swift */,
				9C61DCEC1AF9B2AB005896A8 /* ViewController.swift */,
				9C61DCEE1AF9B2AB005896A8 /* Main.storyboard */,
				9C61DCF11AF9B2AB005896A8 /* Images.xcassets */,
				9C61DCF31AF9B2AB005896A8 /* LaunchScreen.xib */,
				9C61DCE81AF9B2AB005896A8 /* Supporting Files */,
			);
			path = Watchcalc;
			sourceTree = "<group>";
		};
		9C61DCE81AF9B2AB005896A8 /* Supporting Files */ = {
			isa = PBXGroup;
			children = (
				9C61DCE91AF9B2AB005896A8 /* Info.plist */,
			);
			name = "Supporting Files";
			sourceTree = "<group>";
		};
		9C61DCFD1AF9B2AB005896A8 /* WatchcalcTests */ = {
			isa = PBXGroup;
			children = (
				9C61DD001AF9B2AB005896A8 /* WatchcalcTests.swift */,
				9C61DCFE1AF9B2AB005896A8 /* Supporting Files */,
			);
			path = WatchcalcTests;
			sourceTree = "<group>";
		};
		9C61DCFE1AF9B2AB005896A8 /* Supporting Files */ = {
			isa = PBXGroup;
			children = (
				9C61DCFF1AF9B2AB005896A8 /* Info.plist */,
			);
			name = "Supporting Files";
			sourceTree = "<group>";
		};
		9C61DD0F1AF9B2BD005896A8 /* Watchcalc WatchKit Extension */ = {
			isa = PBXGroup;
			children = (
				9CA462FA1B01A26F0041429A /* Watchcalc WatchKit Extension.entitlements */,
				9C61DD131AF9B2BD005896A8 /* InterfaceController.swift */,
				9C61DD151AF9B2BD005896A8 /* NotificationController.swift */,
				9C61DD171AF9B2BD005896A8 /* Images.xcassets */,
				9C61DD101AF9B2BD005896A8 /* Supporting Files */,
				9C61DD311AF9B433005896A8 /* ButtonRow.swift */,
				9C61DD331AF9B43F005896A8 /* ValueRow.swift */,
				9C61DD371AFAE6E5005896A8 /* ScientificInterface.swift */,
				9C61DD351AFAE6D3005896A8 /* BasicInterface.swift */,
				9C06D1A61B0008E800160A7E /* CalcEngine.swift */,
			);
			path = "Watchcalc WatchKit Extension";
			sourceTree = "<group>";
		};
		9C61DD101AF9B2BD005896A8 /* Supporting Files */ = {
			isa = PBXGroup;
			children = (
				9C61DD111AF9B2BD005896A8 /* Info.plist */,
				9C61DD121AF9B2BD005896A8 /* PushNotificationPayload.apns */,
			);
			name = "Supporting Files";
			sourceTree = "<group>";
		};
		9C61DD1F1AF9B2BD005896A8 /* Watchcalc WatchKit App */ = {
			isa = PBXGroup;
			children = (
				9C61DD221AF9B2BD005896A8 /* Interface.storyboard */,
				9C61DD251AF9B2BD005896A8 /* Images.xcassets */,
				9C61DD201AF9B2BD005896A8 /* Supporting Files */,
			);
			path = "Watchcalc WatchKit App";
			sourceTree = "<group>";
		};
		9C61DD201AF9B2BD005896A8 /* Supporting Files */ = {
			isa = PBXGroup;
			children = (
				9C61DD211AF9B2BD005896A8 /* Info.plist */,
			);
			name = "Supporting Files";
			sourceTree = "<group>";
		};
/* End PBXGroup section */

/* Begin PBXNativeTarget section */
		9C61DCE41AF9B2AB005896A8 /* watchscicalc */ = {
			isa = PBXNativeTarget;
			buildConfigurationList = 9C61DD041AF9B2AB005896A8 /* Build configuration list for PBXNativeTarget "watchscicalc" */;
			buildPhases = (
				9C61DCE11AF9B2AB005896A8 /* Sources */,
				9C61DCE21AF9B2AB005896A8 /* Frameworks */,
				9C61DCE31AF9B2AB005896A8 /* Resources */,
				9C61DD301AF9B2BD005896A8 /* Embed App Extensions */,
			);
			buildRules = (
			);
			dependencies = (
				9C61DD281AF9B2BD005896A8 /* PBXTargetDependency */,
			);
			name = watchscicalc;
			productName = Watchcalc;
			productReference = 9C61DCE51AF9B2AB005896A8 /* watchscicalc.app */;
			productType = "com.apple.product-type.application";
		};
		9C61DCF91AF9B2AB005896A8 /* WatchcalcTests */ = {
			isa = PBXNativeTarget;
			buildConfigurationList = 9C61DD071AF9B2AB005896A8 /* Build configuration list for PBXNativeTarget "WatchcalcTests" */;
			buildPhases = (
				9C61DCF61AF9B2AB005896A8 /* Sources */,
				9C61DCF71AF9B2AB005896A8 /* Frameworks */,
				9C61DCF81AF9B2AB005896A8 /* Resources */,
			);
			buildRules = (
			);
			dependencies = (
				9C61DCFC1AF9B2AB005896A8 /* PBXTargetDependency */,
			);
			name = WatchcalcTests;
			productName = WatchcalcTests;
			productReference = 9C61DCFA1AF9B2AB005896A8 /* WatchcalcTests.xctest */;
			productType = "com.apple.product-type.bundle.unit-test";
		};
		9C61DD0D1AF9B2BD005896A8 /* Watchcalc WatchKit Extension */ = {
			isa = PBXNativeTarget;
			buildConfigurationList = 9C61DD2D1AF9B2BD005896A8 /* Build configuration list for PBXNativeTarget "Watchcalc WatchKit Extension" */;
			buildPhases = (
				9C61DD0A1AF9B2BD005896A8 /* Sources */,
				9C61DD0B1AF9B2BD005896A8 /* Frameworks */,
				9C61DD0C1AF9B2BD005896A8 /* Resources */,
			);
			buildRules = (
			);
			dependencies = (
				9C61DD1E1AF9B2BD005896A8 /* PBXTargetDependency */,
			);
			name = "Watchcalc WatchKit Extension";
			productName = "Watchcalc WatchKit Extension";
			productReference = 9C61DD0E1AF9B2BD005896A8 /* Watchcalc WatchKit Extension.appex */;
			productType = "com.apple.product-type.watchkit-extension";
		};
		9C61DD1A1AF9B2BD005896A8 /* Watchcalc WatchKit App */ = {
			isa = PBXNativeTarget;
			buildConfigurationList = 9C61DD2A1AF9B2BD005896A8 /* Build configuration list for PBXNativeTarget "Watchcalc WatchKit App" */;
			buildPhases = (
				9C61DD191AF9B2BD005896A8 /* Resources */,
			);
			buildRules = (
			);
			dependencies = (
			);
			name = "Watchcalc WatchKit App";
			productName = "Watchcalc WatchKit App";
			productReference = 9C61DD1B1AF9B2BD005896A8 /* Watchcalc WatchKit App.app */;
			productType = "com.apple.product-type.application.watchapp";
		};
/* End PBXNativeTarget section */

/* Begin PBXProject section */
		9C61DCDD1AF9B2AB005896A8 /* Project object */ = {
			isa = PBXProject;
			attributes = {
				LastUpgradeCheck = 0640;
				ORGANIZATIONNAME = "Robert Diamond";
				TargetAttributes = {
					9C61DCE41AF9B2AB005896A8 = {
						CreatedOnToolsVersion = 6.4;
						DevelopmentTeam = QVSQY52MWK;
						SystemCapabilities = {
							com.apple.ApplicationGroups.iOS = {
								enabled = 1;
							};
						};
					};
					9C61DCF91AF9B2AB005896A8 = {
						CreatedOnToolsVersion = 6.4;
						TestTargetID = 9C61DCE41AF9B2AB005896A8;
					};
					9C61DD0D1AF9B2BD005896A8 = {
						CreatedOnToolsVersion = 6.4;
						DevelopmentTeam = QVSQY52MWK;
						SystemCapabilities = {
							com.apple.ApplicationGroups.iOS = {
								enabled = 1;
							};
						};
					};
					9C61DD1A1AF9B2BD005896A8 = {
						CreatedOnToolsVersion = 6.4;
					};
				};
			};
			buildConfigurationList = 9C61DCE01AF9B2AB005896A8 /* Build configuration list for PBXProject "Watchcalc" */;
			compatibilityVersion = "Xcode 3.2";
			developmentRegion = English;
			hasScannedForEncodings = 0;
			knownRegions = (
				en,
				Base,
			);
			mainGroup = 9C61DCDC1AF9B2AB005896A8;
			productRefGroup = 9C61DCE61AF9B2AB005896A8 /* Products */;
			projectDirPath = "";
			projectRoot = "";
			targets = (
				9C61DCE41AF9B2AB005896A8 /* watchscicalc */,
				9C61DCF91AF9B2AB005896A8 /* WatchcalcTests */,
				9C61DD0D1AF9B2BD005896A8 /* Watchcalc WatchKit Extension */,
				9C61DD1A1AF9B2BD005896A8 /* Watchcalc WatchKit App */,
			);
		};
/* End PBXProject section */

/* Begin PBXResourcesBuildPhase section */
		9C61DCE31AF9B2AB005896A8 /* Resources */ = {
			isa = PBXResourcesBuildPhase;
			buildActionMask = 2147483647;
			files = (
				9C61DCF01AF9B2AB005896A8 /* Main.storyboard in Resources */,
				9C61DCF51AF9B2AB005896A8 /* LaunchScreen.xib in Resources */,
				9C61DCF21AF9B2AB005896A8 /* Images.xcassets in Resources */,
			);
			runOnlyForDeploymentPostprocessing = 0;
		};
		9C61DCF81AF9B2AB005896A8 /* Resources */ = {
			isa = PBXResourcesBuildPhase;
			buildActionMask = 2147483647;
			files = (
			);
			runOnlyForDeploymentPostprocessing = 0;
		};
		9C61DD0C1AF9B2BD005896A8 /* Resources */ = {
			isa = PBXResourcesBuildPhase;
			buildActionMask = 2147483647;
			files = (
				9C61DD181AF9B2BD005896A8 /* Images.xcassets in Resources */,
				9C61DD1C1AF9B2BD005896A8 /* Watchcalc WatchKit App.app in Resources */,
			);
			runOnlyForDeploymentPostprocessing = 0;
		};
		9C61DD191AF9B2BD005896A8 /* Resources */ = {
			isa = PBXResourcesBuildPhase;
			buildActionMask = 2147483647;
			files = (
				9C61DD241AF9B2BD005896A8 /* Interface.storyboard in Resources */,
				9C61DD261AF9B2BD005896A8 /* Images.xcassets in Resources */,
			);
			runOnlyForDeploymentPostprocessing = 0;
		};
/* End PBXResourcesBuildPhase section */

/* Begin PBXSourcesBuildPhase section */
		9C61DCE11AF9B2AB005896A8 /* Sources */ = {
			isa = PBXSourcesBuildPhase;
			buildActionMask = 2147483647;
			files = (
				9C61DCED1AF9B2AB005896A8 /* ViewController.swift in Sources */,
				9C61DCEB1AF9B2AB005896A8 /* AppDelegate.swift in Sources */,
			);
			runOnlyForDeploymentPostprocessing = 0;
		};
		9C61DCF61AF9B2AB005896A8 /* Sources */ = {
			isa = PBXSourcesBuildPhase;
			buildActionMask = 2147483647;
			files = (
				9C61DD011AF9B2AB005896A8 /* WatchcalcTests.swift in Sources */,
			);
			runOnlyForDeploymentPostprocessing = 0;
		};
		9C61DD0A1AF9B2BD005896A8 /* Sources */ = {
			isa = PBXSourcesBuildPhase;
			buildActionMask = 2147483647;
			files = (
				9C61DD161AF9B2BD005896A8 /* NotificationController.swift in Sources */,
				9C61DD321AF9B433005896A8 /* ButtonRow.swift in Sources */,
				9C06D1A71B0008E800160A7E /* CalcEngine.swift in Sources */,
				9C61DD361AFAE6D3005896A8 /* BasicInterface.swift in Sources */,
				9C61DD341AF9B43F005896A8 /* ValueRow.swift in Sources */,
				9C61DD381AFAE6E5005896A8 /* ScientificInterface.swift in Sources */,
				9C61DD141AF9B2BD005896A8 /* InterfaceController.swift in Sources */,
			);
			runOnlyForDeploymentPostprocessing = 0;
		};
/* End PBXSourcesBuildPhase section */

/* Begin PBXTargetDependency section */
		9C61DCFC1AF9B2AB005896A8 /* PBXTargetDependency */ = {
			isa = PBXTargetDependency;
			target = 9C61DCE41AF9B2AB005896A8 /* watchscicalc */;
			targetProxy = 9C61DCFB1AF9B2AB005896A8 /* PBXContainerItemProxy */;
		};
		9C61DD1E1AF9B2BD005896A8 /* PBXTargetDependency */ = {
			isa = PBXTargetDependency;
			target = 9C61DD1A1AF9B2BD005896A8 /* Watchcalc WatchKit App */;
			targetProxy = 9C61DD1D1AF9B2BD005896A8 /* PBXContainerItemProxy */;
		};
		9C61DD281AF9B2BD005896A8 /* PBXTargetDependency */ = {
			isa = PBXTargetDependency;
			target = 9C61DD0D1AF9B2BD005896A8 /* Watchcalc WatchKit Extension */;
			targetProxy = 9C61DD271AF9B2BD005896A8 /* PBXContainerItemProxy */;
		};
/* End PBXTargetDependency section */

/* Begin PBXVariantGroup section */
		9C61DCEE1AF9B2AB005896A8 /* Main.storyboard */ = {
			isa = PBXVariantGroup;
			children = (
				9C61DCEF1AF9B2AB005896A8 /* Base */,
			);
			name = Main.storyboard;
			sourceTree = "<group>";
		};
		9C61DCF31AF9B2AB005896A8 /* LaunchScreen.xib */ = {
			isa = PBXVariantGroup;
			children = (
				9C61DCF41AF9B2AB005896A8 /* Base */,
			);
			name = LaunchScreen.xib;
			sourceTree = "<group>";
		};
		9C61DD221AF9B2BD005896A8 /* Interface.storyboard */ = {
			isa = PBXVariantGroup;
			children = (
				9C61DD231AF9B2BD005896A8 /* Base */,
			);
			name = Interface.storyboard;
			sourceTree = "<group>";
		};
/* End PBXVariantGroup section */

/* Begin XCBuildConfiguration section */
		9C61DD021AF9B2AB005896A8 /* Debug */ = {
			isa = XCBuildConfiguration;
			buildSettings = {
				ALWAYS_SEARCH_USER_PATHS = NO;
				CLANG_CXX_LANGUAGE_STANDARD = "gnu++0x";
				CLANG_CXX_LIBRARY = "libc++";
				CLANG_ENABLE_MODULES = YES;
				CLANG_ENABLE_OBJC_ARC = YES;
				CLANG_WARN_BOOL_CONVERSION = YES;
				CLANG_WARN_CONSTANT_CONVERSION = YES;
				CLANG_WARN_DIRECT_OBJC_ISA_USAGE = YES_ERROR;
				CLANG_WARN_EMPTY_BODY = YES;
				CLANG_WARN_ENUM_CONVERSION = YES;
				CLANG_WARN_INT_CONVERSION = YES;
				CLANG_WARN_OBJC_ROOT_CLASS = YES_ERROR;
				CLANG_WARN_UNREACHABLE_CODE = YES;
				CLANG_WARN__DUPLICATE_METHOD_MATCH = YES;
				"CODE_SIGN_IDENTITY[sdk=iphoneos*]" = "iPhone Developer";
				COPY_PHASE_STRIP = NO;
				DEBUG_INFORMATION_FORMAT = "dwarf-with-dsym";
				ENABLE_STRICT_OBJC_MSGSEND = YES;
				GCC_C_LANGUAGE_STANDARD = gnu99;
				GCC_DYNAMIC_NO_PIC = NO;
				GCC_NO_COMMON_BLOCKS = YES;
				GCC_OPTIMIZATION_LEVEL = 0;
				GCC_PREPROCESSOR_DEFINITIONS = (
					"DEBUG=1",
					"$(inherited)",
				);
				GCC_SYMBOLS_PRIVATE_EXTERN = NO;
				GCC_WARN_64_TO_32_BIT_CONVERSION = YES;
				GCC_WARN_ABOUT_RETURN_TYPE = YES_ERROR;
				GCC_WARN_UNDECLARED_SELECTOR = YES;
				GCC_WARN_UNINITIALIZED_AUTOS = YES_AGGRESSIVE;
				GCC_WARN_UNUSED_FUNCTION = YES;
				GCC_WARN_UNUSED_VARIABLE = YES;
				IPHONEOS_DEPLOYMENT_TARGET = 8.2;
				MTL_ENABLE_DEBUG_INFO = YES;
				ONLY_ACTIVE_ARCH = YES;
				SDKROOT = iphoneos;
				SWIFT_OPTIMIZATION_LEVEL = "-Onone";
				TARGETED_DEVICE_FAMILY = "1,2";
			};
			name = Debug;
		};
		9C61DD031AF9B2AB005896A8 /* Release */ = {
			isa = XCBuildConfiguration;
			buildSettings = {
				ALWAYS_SEARCH_USER_PATHS = NO;
				CLANG_CXX_LANGUAGE_STANDARD = "gnu++0x";
				CLANG_CXX_LIBRARY = "libc++";
				CLANG_ENABLE_MODULES = YES;
				CLANG_ENABLE_OBJC_ARC = YES;
				CLANG_WARN_BOOL_CONVERSION = YES;
				CLANG_WARN_CONSTANT_CONVERSION = YES;
				CLANG_WARN_DIRECT_OBJC_ISA_USAGE = YES_ERROR;
				CLANG_WARN_EMPTY_BODY = YES;
				CLANG_WARN_ENUM_CONVERSION = YES;
				CLANG_WARN_INT_CONVERSION = YES;
				CLANG_WARN_OBJC_ROOT_CLASS = YES_ERROR;
				CLANG_WARN_UNREACHABLE_CODE = YES;
				CLANG_WARN__DUPLICATE_METHOD_MATCH = YES;
				"CODE_SIGN_IDENTITY[sdk=iphoneos*]" = "iPhone Developer";
				COPY_PHASE_STRIP = NO;
				DEBUG_INFORMATION_FORMAT = "dwarf-with-dsym";
				ENABLE_NS_ASSERTIONS = NO;
				ENABLE_STRICT_OBJC_MSGSEND = YES;
				GCC_C_LANGUAGE_STANDARD = gnu99;
				GCC_NO_COMMON_BLOCKS = YES;
				GCC_WARN_64_TO_32_BIT_CONVERSION = YES;
				GCC_WARN_ABOUT_RETURN_TYPE = YES_ERROR;
				GCC_WARN_UNDECLARED_SELECTOR = YES;
				GCC_WARN_UNINITIALIZED_AUTOS = YES_AGGRESSIVE;
				GCC_WARN_UNUSED_FUNCTION = YES;
				GCC_WARN_UNUSED_VARIABLE = YES;
				IPHONEOS_DEPLOYMENT_TARGET = 8.2;
				MTL_ENABLE_DEBUG_INFO = NO;
				SDKROOT = iphoneos;
				TARGETED_DEVICE_FAMILY = "1,2";
				VALIDATE_PRODUCT = YES;
			};
			name = Release;
		};
		9C61DD051AF9B2AB005896A8 /* Debug */ = {
			isa = XCBuildConfiguration;
			buildSettings = {
				ASSETCATALOG_COMPILER_APPICON_NAME = AppIcon;
				CODE_SIGN_ENTITLEMENTS = watchscicalc.entitlements;
				CODE_SIGN_IDENTITY = "iPhone Developer";
				"CODE_SIGN_IDENTITY[sdk=iphoneos*]" = "iPhone Developer";
				CURRENT_PROJECT_VERSION = 3;
				INFOPLIST_FILE = Watchcalc/Info.plist;
				IPHONEOS_DEPLOYMENT_TARGET = 8.2;
				LD_RUNPATH_SEARCH_PATHS = "$(inherited) @executable_path/Frameworks";
				PRODUCT_NAME = "$(TARGET_NAME)";
				PROVISIONING_PROFILE = "";
				TARGETED_DEVICE_FAMILY = 1;
				VERSION_INFO_PREFIX = watchscicalc;
			};
			name = Debug;
		};
		9C61DD061AF9B2AB005896A8 /* Release */ = {
			isa = XCBuildConfiguration;
			buildSettings = {
				ASSETCATALOG_COMPILER_APPICON_NAME = AppIcon;
				CODE_SIGN_ENTITLEMENTS = watchscicalc.entitlements;
				CODE_SIGN_IDENTITY = "iPhone Developer";
				"CODE_SIGN_IDENTITY[sdk=iphoneos*]" = "iPhone Developer";
				CURRENT_PROJECT_VERSION = 3;
				INFOPLIST_FILE = Watchcalc/Info.plist;
				IPHONEOS_DEPLOYMENT_TARGET = 8.2;
				LD_RUNPATH_SEARCH_PATHS = "$(inherited) @executable_path/Frameworks";
				PRODUCT_NAME = "$(TARGET_NAME)";
				PROVISIONING_PROFILE = "";
				TARGETED_DEVICE_FAMILY = 1;
				VERSION_INFO_PREFIX = watchscicalc;
			};
			name = Release;
		};
		9C61DD081AF9B2AB005896A8 /* Debug */ = {
			isa = XCBuildConfiguration;
			buildSettings = {
				FRAMEWORK_SEARCH_PATHS = (
					"$(SDKROOT)/Developer/Library/Frameworks",
					"$(inherited)",
				);
				GCC_PREPROCESSOR_DEFINITIONS = (
					"DEBUG=1",
					"$(inherited)",
				);
				INFOPLIST_FILE = WatchcalcTests/Info.plist;
				LD_RUNPATH_SEARCH_PATHS = "$(inherited) @executable_path/Frameworks @loader_path/Frameworks";
				PRODUCT_NAME = "$(TARGET_NAME)";
				TEST_HOST = "$(BUILT_PRODUCTS_DIR)/Watchcalc.app/Watchcalc";
			};
			name = Debug;
		};
		9C61DD091AF9B2AB005896A8 /* Release */ = {
			isa = XCBuildConfiguration;
			buildSettings = {
				FRAMEWORK_SEARCH_PATHS = (
					"$(SDKROOT)/Developer/Library/Frameworks",
					"$(inherited)",
				);
				INFOPLIST_FILE = WatchcalcTests/Info.plist;
				LD_RUNPATH_SEARCH_PATHS = "$(inherited) @executable_path/Frameworks @loader_path/Frameworks";
				PRODUCT_NAME = "$(TARGET_NAME)";
				TEST_HOST = "$(BUILT_PRODUCTS_DIR)/Watchcalc.app/Watchcalc";
			};
			name = Release;
		};
		9C61DD2B1AF9B2BD005896A8 /* Debug */ = {
			isa = XCBuildConfiguration;
			buildSettings = {
				ASSETCATALOG_COMPILER_APPICON_NAME = AppIcon;
				GCC_PREPROCESSOR_DEFINITIONS = (
					"DEBUG=1",
					"$(inherited)",
				);
				IBSC_MODULE = Watchcalc_WatchKit_Extension;
				INFOPLIST_FILE = "Watchcalc WatchKit App/Info.plist";
				IPHONEOS_DEPLOYMENT_TARGET = 8.2;
				PRODUCT_NAME = "$(TARGET_NAME)";
				SKIP_INSTALL = YES;
				TARGETED_DEVICE_FAMILY = 4;
				"TARGETED_DEVICE_FAMILY[sdk=iphonesimulator*]" = "1,4";
			};
			name = Debug;
		};
		9C61DD2C1AF9B2BD005896A8 /* Release */ = {
			isa = XCBuildConfiguration;
			buildSettings = {
				ASSETCATALOG_COMPILER_APPICON_NAME = AppIcon;
				IBSC_MODULE = Watchcalc_WatchKit_Extension;
				INFOPLIST_FILE = "Watchcalc WatchKit App/Info.plist";
				IPHONEOS_DEPLOYMENT_TARGET = 8.2;
				PRODUCT_NAME = "$(TARGET_NAME)";
				SKIP_INSTALL = YES;
				TARGETED_DEVICE_FAMILY = 4;
				"TARGETED_DEVICE_FAMILY[sdk=iphonesimulator*]" = "1,4";
			};
			name = Release;
		};
		9C61DD2E1AF9B2BD005896A8 /* Debug */ = {
			isa = XCBuildConfiguration;
			buildSettings = {
				BUNDLE_LOADER = "$(TEST_HOST)";
				CODE_SIGN_ENTITLEMENTS = "Watchcalc WatchKit Extension/Watchcalc WatchKit Extension.entitlements";
				CODE_SIGN_IDENTITY = "iPhone Developer";
				"CODE_SIGN_IDENTITY[sdk=iphoneos*]" = "iPhone Developer";
				GCC_PREPROCESSOR_DEFINITIONS = (
					"DEBUG=1",
					"$(inherited)",
				);
				INFOPLIST_FILE = "Watchcalc WatchKit Extension/Info.plist";
				IPHONEOS_DEPLOYMENT_TARGET = 8.2;
				LD_RUNPATH_SEARCH_PATHS = "$(inherited) @executable_path/Frameworks @executable_path/../../Frameworks";
				PRODUCT_NAME = "${TARGET_NAME}";
				PROVISIONING_PROFILE = "";
				SKIP_INSTALL = YES;
			};
			name = Debug;
		};
		9C61DD2F1AF9B2BD005896A8 /* Release */ = {
			isa = XCBuildConfiguration;
			buildSettings = {
				BUNDLE_LOADER = "$(TEST_HOST)";
				CODE_SIGN_ENTITLEMENTS = "Watchcalc WatchKit Extension/Watchcalc WatchKit Extension.entitlements";
				CODE_SIGN_IDENTITY = "iPhone Developer";
				"CODE_SIGN_IDENTITY[sdk=iphoneos*]" = "iPhone Developer";
				INFOPLIST_FILE = "Watchcalc WatchKit Extension/Info.plist";
				IPHONEOS_DEPLOYMENT_TARGET = 8.2;
				LD_RUNPATH_SEARCH_PATHS = "$(inherited) @executable_path/Frameworks @executable_path/../../Frameworks";
				PRODUCT_NAME = "${TARGET_NAME}";
				PROVISIONING_PROFILE = "";
				SKIP_INSTALL = YES;
			};
			name = Release;
		};
/* End XCBuildConfiguration section */

/* Begin XCConfigurationList section */
		9C61DCE01AF9B2AB005896A8 /* Build configuration list for PBXProject "Watchcalc" */ = {
			isa = XCConfigurationList;
			buildConfigurations = (
				9C61DD021AF9B2AB005896A8 /* Debug */,
				9C61DD031AF9B2AB005896A8 /* Release */,
			);
			defaultConfigurationIsVisible = 0;
			defaultConfigurationName = Release;
		};
		9C61DD041AF9B2AB005896A8 /* Build configuration list for PBXNativeTarget "watchscicalc" */ = {
			isa = XCConfigurationList;
			buildConfigurations = (
				9C61DD051AF9B2AB005896A8 /* Debug */,
				9C61DD061AF9B2AB005896A8 /* Release */,
			);
			defaultConfigurationIsVisible = 0;
			defaultConfigurationName = Release;
		};
		9C61DD071AF9B2AB005896A8 /* Build configuration list for PBXNativeTarget "WatchcalcTests" */ = {
			isa = XCConfigurationList;
			buildConfigurations = (
				9C61DD081AF9B2AB005896A8 /* Debug */,
				9C61DD091AF9B2AB005896A8 /* Release */,
			);
			defaultConfigurationIsVisible = 0;
			defaultConfigurationName = Release;
		};
		9C61DD2A1AF9B2BD005896A8 /* Build configuration list for PBXNativeTarget "Watchcalc WatchKit App" */ = {
			isa = XCConfigurationList;
			buildConfigurations = (
				9C61DD2B1AF9B2BD005896A8 /* Debug */,
				9C61DD2C1AF9B2BD005896A8 /* Release */,
			);
			defaultConfigurationIsVisible = 0;
			defaultConfigurationName = Release;
		};
		9C61DD2D1AF9B2BD005896A8 /* Build configuration list for PBXNativeTarget "Watchcalc WatchKit Extension" */ = {
			isa = XCConfigurationList;
			buildConfigurations = (
				9C61DD2E1AF9B2BD005896A8 /* Debug */,
				9C61DD2F1AF9B2BD005896A8 /* Release */,
			);
			defaultConfigurationIsVisible = 0;
			defaultConfigurationName = Release;
		};
/* End XCConfigurationList section */
	};
	rootObject = 9C61DCDD1AF9B2AB005896A8 /* Project object */;
}
